
Microsoft Visual Studio Solution File, Format Version 12.00
# Visual Studio 15
VisualStudioVersion = 15.0.28307.645
MinimumVisualStudioVersion = 10.0.40219.1
Project("{FAE04EC0-301F-11D3-BF4B-00C04F79EFBC}") = "ToolHireBackend", "ToolHireBackend\ToolHireBackend.csproj", "{083E0CD1-D531-453A-BB66-CBA4AC672B8F}"
EndProject
Project("{FAE04EC0-301F-11D3-BF4B-00C04F79EFBC}") = "ToolHireClasses", "ToolHireClasses\ToolHireClasses.csproj", "{11CB25B0-FF5F-4AB3-A3A6-ECF3453101E2}"
EndProject
Project("{FAE04EC0-301F-11D3-BF4B-00C04F79EFBC}") = "ToolHireTests", "ToolHireTests\ToolHireTests.csproj", "{9E8275C6-8F17-411B-8811-E1EF1CF68642}"
EndProject
Project("{E24C65DC-7377-472B-9ABA-BC803B73C61A}") = "ToolHireFrontEnd(1)", "ToolHireFrontEnd\", "{0E95CC58-0560-468F-8DF1-E8F55B71E83F}"
	ProjectSection(WebsiteProperties) = preProject
		TargetFrameworkMoniker = ".NETFramework,Version%3Dv4.6.1"
		ProjectReferences = "{11cb25b0-ff5f-4ab3-a3a6-ecf3453101e2}|ToolHireClasses.dll;"
		Debug.AspNetCompiler.VirtualPath = "/localhost_54911"
		Debug.AspNetCompiler.PhysicalPath = "ToolHireFrontEnd\"
		Debug.AspNetCompiler.TargetPath = "PrecompiledWeb\localhost_54911\"
		Debug.AspNetCompiler.Updateable = "true"
		Debug.AspNetCompiler.ForceOverwrite = "true"
		Debug.AspNetCompiler.FixedNames = "false"
		Debug.AspNetCompiler.Debug = "True"
		Release.AspNetCompiler.VirtualPath = "/localhost_54911"
		Release.AspNetCompiler.PhysicalPath = "ToolHireFrontEnd\"
		Release.AspNetCompiler.TargetPath = "PrecompiledWeb\localhost_54911\"
		Release.AspNetCompiler.Updateable = "true"
		Release.AspNetCompiler.ForceOverwrite = "true"
		Release.AspNetCompiler.FixedNames = "false"
		Release.AspNetCompiler.Debug = "False"
		VWDPort = "54911"
		SlnRelativePath = "ToolHireFrontEnd\"
		DefaultWebSiteLanguage = "Visual C#"
	EndProjectSection
EndProject
Global
	GlobalSection(SolutionConfigurationPlatforms) = preSolution
		Debug|Any CPU = Debug|Any CPU
		Release|Any CPU = Release|Any CPU
	EndGlobalSection
	GlobalSection(ProjectConfigurationPlatforms) = postSolution
		{083E0CD1-D531-453A-BB66-CBA4AC672B8F}.Debug|Any CPU.ActiveCfg = Debug|Any CPU
		{083E0CD1-D531-453A-BB66-CBA4AC672B8F}.Debug|Any CPU.Build.0 = Debug|Any CPU
		{083E0CD1-D531-453A-BB66-CBA4AC672B8F}.Release|Any CPU.ActiveCfg = Release|Any CPU
		{083E0CD1-D531-453A-BB66-CBA4AC672B8F}.Release|Any CPU.Build.0 = Release|Any CPU
		{11CB25B0-FF5F-4AB3-A3A6-ECF3453101E2}.Debug|Any CPU.ActiveCfg = Debug|Any CPU
		{11CB25B0-FF5F-4AB3-A3A6-ECF3453101E2}.Debug|Any CPU.Build.0 = Debug|Any CPU
		{11CB25B0-FF5F-4AB3-A3A6-ECF3453101E2}.Release|Any CPU.ActiveCfg = Release|Any CPU
		{11CB25B0-FF5F-4AB3-A3A6-ECF3453101E2}.Release|Any CPU.Build.0 = Release|Any CPU
		{9E8275C6-8F17-411B-8811-E1EF1CF68642}.Debug|Any CPU.ActiveCfg = Debug|Any CPU
		{9E8275C6-8F17-411B-8811-E1EF1CF68642}.Debug|Any CPU.Build.0 = Debug|Any CPU
		{9E8275C6-8F17-411B-8811-E1EF1CF68642}.Release|Any CPU.ActiveCfg = Release|Any CPU
		{9E8275C6-8F17-411B-8811-E1EF1CF68642}.Release|Any CPU.Build.0 = Release|Any CPU
		{0E95CC58-0560-468F-8DF1-E8F55B71E83F}.Debug|Any CPU.ActiveCfg = Debug|Any CPU
		{0E95CC58-0560-468F-8DF1-E8F55B71E83F}.Debug|Any CPU.Build.0 = Debug|Any CPU
		{0E95CC58-0560-468F-8DF1-E8F55B71E83F}.Release|Any CPU.ActiveCfg = Debug|Any CPU
		{0E95CC58-0560-468F-8DF1-E8F55B71E83F}.Release|Any CPU.Build.0 = Debug|Any CPU
	EndGlobalSection
	GlobalSection(SolutionProperties) = preSolution
		HideSolutionNode = FALSE
	EndGlobalSection
	GlobalSection(ExtensibilityGlobals) = postSolution
		SolutionGuid = {5BE2FF5B-7BBA-48F2-A905-D0C27832F410}
	EndGlobalSection
EndGlobal
